
Microsoft Visual Studio Solution File, Format Version 12.00
# Visual Studio 2012
Project("{8BC9CEB8-8B4A-11D0-8D11-00A0C91BC942}") = "Accionamientos", "Accionamientos\Accionamientos.vcxproj", "{05244C9D-588E-49CC-9499-102ACA14A431}"
EndProject
Global
	GlobalSection(SolutionConfigurationPlatforms) = preSolution
		Debug|Win32 = Debug|Win32
		Release|Win32 = Release|Win32
	EndGlobalSection
	GlobalSection(ProjectConfigurationPlatforms) = postSolution
		{05244C9D-588E-49CC-9499-102ACA14A431}.Debug|Win32.ActiveCfg = Debug|Win32
		{05244C9D-588E-49CC-9499-102ACA14A431}.Debug|Win32.Build.0 = Debug|Win32
		{05244C9D-588E-49CC-9499-102ACA14A431}.Release|Win32.ActiveCfg = Release|Win32
		{05244C9D-588E-49CC-9499-102ACA14A431}.Release|Win32.Build.0 = Release|Win32
	EndGlobalSection
	GlobalSection(SolutionProperties) = preSolution
		HideSolutionNode = FALSE
	EndGlobalSection
EndGlobal
